
Microsoft Visual Studio Solution File, Format Version 12.00
# Visual Studio 15
VisualStudioVersion = 15.0.27428.2037
MinimumVisualStudioVersion = 10.0.40219.1
Project("{FAE04EC0-301F-11D3-BF4B-00C04F79EFBC}") = "AutomatedUITesting", "AutomatedUITesting\AutomatedUITesting.csproj", "{1DBA8963-FC61-4A52-8B49-E6D5FEED5832}"
EndProject
Global
	GlobalSection(SolutionConfigurationPlatforms) = preSolution
		Debug|Any CPU = Debug|Any CPU
		Release|Any CPU = Release|Any CPU
	EndGlobalSection
	GlobalSection(ProjectConfigurationPlatforms) = postSolution
		{1DBA8963-FC61-4A52-8B49-E6D5FEED5832}.Debug|Any CPU.ActiveCfg = Debug|Any CPU
		{1DBA8963-FC61-4A52-8B49-E6D5FEED5832}.Debug|Any CPU.Build.0 = Debug|Any CPU
		{1DBA8963-FC61-4A52-8B49-E6D5FEED5832}.Release|Any CPU.ActiveCfg = Release|Any CPU
		{1DBA8963-FC61-4A52-8B49-E6D5FEED5832}.Release|Any CPU.Build.0 = Release|Any CPU
	EndGlobalSection
	GlobalSection(SolutionProperties) = preSolution
		HideSolutionNode = FALSE
	EndGlobalSection
	GlobalSection(ExtensibilityGlobals) = postSolution
		SolutionGuid = {1C4431DC-3005-44FD-85E8-5D927DA9C964}
	EndGlobalSection
EndGlobal
